
Microsoft Visual Studio Solution File, Format Version 12.00
# Visual Studio Version 17
VisualStudioVersion = 17.3.32811.315
MinimumVisualStudioVersion = 10.0.40219.1
Project("{FAE04EC0-301F-11D3-BF4B-00C04F79EFBC}") = "PI2", "PI2\PI2.csproj", "{63F22806-3FB6-45C1-9814-57986B7A39AE}"
EndProject
Project("{FAE04EC0-301F-11D3-BF4B-00C04F79EFBC}") = "WebSocket server", "WebSocket server\WebSocket server.csproj", "{0D8C34E4-04AE-4851-B8AE-0053A3151D06}"
EndProject
Global
	GlobalSection(SolutionConfigurationPlatforms) = preSolution
		Debug|Any CPU = Debug|Any CPU
		Release|Any CPU = Release|Any CPU
	EndGlobalSection
	GlobalSection(ProjectConfigurationPlatforms) = postSolution
		{63F22806-3FB6-45C1-9814-57986B7A39AE}.Debug|Any CPU.ActiveCfg = Debug|Any CPU
		{63F22806-3FB6-45C1-9814-57986B7A39AE}.Debug|Any CPU.Build.0 = Debug|Any CPU
		{63F22806-3FB6-45C1-9814-57986B7A39AE}.Release|Any CPU.ActiveCfg = Release|Any CPU
		{63F22806-3FB6-45C1-9814-57986B7A39AE}.Release|Any CPU.Build.0 = Release|Any CPU
		{0D8C34E4-04AE-4851-B8AE-0053A3151D06}.Debug|Any CPU.ActiveCfg = Debug|Any CPU
		{0D8C34E4-04AE-4851-B8AE-0053A3151D06}.Debug|Any CPU.Build.0 = Debug|Any CPU
		{0D8C34E4-04AE-4851-B8AE-0053A3151D06}.Release|Any CPU.ActiveCfg = Release|Any CPU
		{0D8C34E4-04AE-4851-B8AE-0053A3151D06}.Release|Any CPU.Build.0 = Release|Any CPU
	EndGlobalSection
	GlobalSection(SolutionProperties) = preSolution
		HideSolutionNode = FALSE
	EndGlobalSection
	GlobalSection(ExtensibilityGlobals) = postSolution
		SolutionGuid = {5014B912-869F-4733-8ACE-F01F11E120C6}
	EndGlobalSection
EndGlobal
